
Microsoft Visual Studio Solution File, Format Version 12.00
# Visual Studio Version 17
VisualStudioVersion = 17.5.33530.505
MinimumVisualStudioVersion = 10.0.40219.1
Project("{FAE04EC0-301F-11D3-BF4B-00C04F79EFBC}") = "BlogApp", "Blog\BlogApp.csproj", "{7D09336B-4C85-4EE6-9BB5-29408886F2EA}"
EndProject
Global
	GlobalSection(SolutionConfigurationPlatforms) = preSolution
		Debug|Any CPU = Debug|Any CPU
		Release|Any CPU = Release|Any CPU
	EndGlobalSection
	GlobalSection(ProjectConfigurationPlatforms) = postSolution
		{7D09336B-4C85-4EE6-9BB5-29408886F2EA}.Debug|Any CPU.ActiveCfg = Debug|Any CPU
		{7D09336B-4C85-4EE6-9BB5-29408886F2EA}.Debug|Any CPU.Build.0 = Debug|Any CPU
		{7D09336B-4C85-4EE6-9BB5-29408886F2EA}.Release|Any CPU.ActiveCfg = Release|Any CPU
		{7D09336B-4C85-4EE6-9BB5-29408886F2EA}.Release|Any CPU.Build.0 = Release|Any CPU
	EndGlobalSection
	GlobalSection(SolutionProperties) = preSolution
		HideSolutionNode = FALSE
	EndGlobalSection
	GlobalSection(ExtensibilityGlobals) = postSolution
		SolutionGuid = {D8A821D6-7940-4207-9915-589C85E8F533}
	EndGlobalSection
EndGlobal
